
Microsoft Visual Studio Solution File, Format Version 12.00
# Visual Studio Version 16
VisualStudioVersion = 16.0.31410.357
MinimumVisualStudioVersion = 10.0.40219.1
Project("{8BC9CEB8-8B4A-11D0-8D11-00A0C91BC942}") = "if문", "if문\if문.vcxproj", "{28A3173A-0FA8-402D-A957-EAB9FAC27372}"
EndProject
Project("{8BC9CEB8-8B4A-11D0-8D11-00A0C91BC942}") = "1차원 배열", "1차원 배열\1차원 배열.vcxproj", "{93D07F3D-4822-43CE-ACE1-776B4B5DDA9B}"
EndProject
Global
	GlobalSection(SolutionConfigurationPlatforms) = preSolution
		Debug|x64 = Debug|x64
		Debug|x86 = Debug|x86
		Release|x64 = Release|x64
		Release|x86 = Release|x86
	EndGlobalSection
	GlobalSection(ProjectConfigurationPlatforms) = postSolution
		{28A3173A-0FA8-402D-A957-EAB9FAC27372}.Debug|x64.ActiveCfg = Debug|x64
		{28A3173A-0FA8-402D-A957-EAB9FAC27372}.Debug|x64.Build.0 = Debug|x64
		{28A3173A-0FA8-402D-A957-EAB9FAC27372}.Debug|x86.ActiveCfg = Debug|Win32
		{28A3173A-0FA8-402D-A957-EAB9FAC27372}.Debug|x86.Build.0 = Debug|Win32
		{28A3173A-0FA8-402D-A957-EAB9FAC27372}.Release|x64.ActiveCfg = Release|x64
		{28A3173A-0FA8-402D-A957-EAB9FAC27372}.Release|x64.Build.0 = Release|x64
		{28A3173A-0FA8-402D-A957-EAB9FAC27372}.Release|x86.ActiveCfg = Release|Win32
		{28A3173A-0FA8-402D-A957-EAB9FAC27372}.Release|x86.Build.0 = Release|Win32
		{93D07F3D-4822-43CE-ACE1-776B4B5DDA9B}.Debug|x64.ActiveCfg = Debug|x64
		{93D07F3D-4822-43CE-ACE1-776B4B5DDA9B}.Debug|x64.Build.0 = Debug|x64
		{93D07F3D-4822-43CE-ACE1-776B4B5DDA9B}.Debug|x86.ActiveCfg = Debug|Win32
		{93D07F3D-4822-43CE-ACE1-776B4B5DDA9B}.Debug|x86.Build.0 = Debug|Win32
		{93D07F3D-4822-43CE-ACE1-776B4B5DDA9B}.Release|x64.ActiveCfg = Release|x64
		{93D07F3D-4822-43CE-ACE1-776B4B5DDA9B}.Release|x64.Build.0 = Release|x64
		{93D07F3D-4822-43CE-ACE1-776B4B5DDA9B}.Release|x86.ActiveCfg = Release|Win32
		{93D07F3D-4822-43CE-ACE1-776B4B5DDA9B}.Release|x86.Build.0 = Release|Win32
	EndGlobalSection
	GlobalSection(SolutionProperties) = preSolution
		HideSolutionNode = FALSE
	EndGlobalSection
	GlobalSection(ExtensibilityGlobals) = postSolution
		SolutionGuid = {BE5447B8-38CD-4F34-9CAD-7BDE0903B316}
	EndGlobalSection
EndGlobal
